
Microsoft Visual Studio Solution File, Format Version 12.00
# Visual Studio Version 17
VisualStudioVersion = 17.10.35013.160
MinimumVisualStudioVersion = 10.0.40219.1
Project("{FAE04EC0-301F-11D3-BF4B-00C04F79EFBC}") = "Properties", "Properties\Properties.csproj", "{84833221-1869-4BE8-865D-CBA4A3364729}"
EndProject
Global
	GlobalSection(SolutionConfigurationPlatforms) = preSolution
		Debug|Any CPU = Debug|Any CPU
		Release|Any CPU = Release|Any CPU
	EndGlobalSection
	GlobalSection(ProjectConfigurationPlatforms) = postSolution
		{84833221-1869-4BE8-865D-CBA4A3364729}.Debug|Any CPU.ActiveCfg = Debug|Any CPU
		{84833221-1869-4BE8-865D-CBA4A3364729}.Debug|Any CPU.Build.0 = Debug|Any CPU
		{84833221-1869-4BE8-865D-CBA4A3364729}.Release|Any CPU.ActiveCfg = Release|Any CPU
		{84833221-1869-4BE8-865D-CBA4A3364729}.Release|Any CPU.Build.0 = Release|Any CPU
	EndGlobalSection
	GlobalSection(SolutionProperties) = preSolution
		HideSolutionNode = FALSE
	EndGlobalSection
	GlobalSection(ExtensibilityGlobals) = postSolution
		SolutionGuid = {69F0CFA8-B4FF-48D8-B5A2-BC8E0C83C6D2}
	EndGlobalSection
EndGlobal
